
Microsoft Visual Studio Solution File, Format Version 12.00
# Visual Studio Version 17
VisualStudioVersion = 17.3.32922.545
MinimumVisualStudioVersion = 10.0.40219.1
Project("{FAE04EC0-301F-11D3-BF4B-00C04F79EFBC}") = "Configurator", "Configurator\Configurator.csproj", "{C0D184D9-3ECF-4809-B9C7-BCE40E96C6E3}"
EndProject
Global
	GlobalSection(SolutionConfigurationPlatforms) = preSolution
		Debug|Any CPU = Debug|Any CPU
		Release|Any CPU = Release|Any CPU
	EndGlobalSection
	GlobalSection(ProjectConfigurationPlatforms) = postSolution
		{C0D184D9-3ECF-4809-B9C7-BCE40E96C6E3}.Debug|Any CPU.ActiveCfg = Debug|Any CPU
		{C0D184D9-3ECF-4809-B9C7-BCE40E96C6E3}.Debug|Any CPU.Build.0 = Debug|Any CPU
		{C0D184D9-3ECF-4809-B9C7-BCE40E96C6E3}.Release|Any CPU.ActiveCfg = Release|Any CPU
		{C0D184D9-3ECF-4809-B9C7-BCE40E96C6E3}.Release|Any CPU.Build.0 = Release|Any CPU
	EndGlobalSection
	GlobalSection(SolutionProperties) = preSolution
		HideSolutionNode = FALSE
	EndGlobalSection
	GlobalSection(ExtensibilityGlobals) = postSolution
		SolutionGuid = {106CD6E8-2BD4-4897-9CEB-D461EF3F5530}
	EndGlobalSection
EndGlobal
